<?xml version="1.0" encoding="utf-8"?>
<Project ToolsVersion="4.0" xmlns="http://schemas.microsoft.com/developer/msbuild/2003">
  <ItemGroup>
    <Filter Include="Source Files">
      <UniqueIdentifier>{622411a1-3360-41f1-9ac3-4967e2347157}</UniqueIdentifier>
      <Extensions>cpp;c;cxx;rc;def;r;odl;idl;hpj;bat</Extensions>
    </Filter>
    <Filter Include="Header Files">
      <UniqueIdentifier>{fa6d9a6e-e462-46a2-8c9c-7063ecde1337}</UniqueIdentifier>
      <Extensions>h;hpp;hxx;hm;inl</Extensions>
    </Filter>
    <Filter Include="Resource Files">
      <UniqueIdentifier>{6cbd29f0-fe3d-4a01-be86-13f6f369777d}</UniqueIdentifier>
      <Extensions>ico;cur;bmp;dlg;rc2;rct;bin;rgs;gif;jpg;jpeg;jpe</Extensions>
    </Filter>
  </ItemGroup>
  <ItemGroup>
    <ClCompile Include="blackmagic.cpp">
      <Filter>Source Files</Filter>
    </ClCompile>
    <ClCompile Include="debugger.cpp">
      <Filter>Source Files</Filter>
    </ClCompile>
    <ClCompile Include="parser\lex.cpp">
      <Filter>Source Files</Filter>
    </ClCompile>
    <ClCompile Include="log.cpp">
      <Filter>Source Files</Filter>
    </ClCompile>
    <ClCompile Include="main.cpp">
      <Filter>Source Files</Filter>
    </ClCompile>
    <ClCompile Include="parser\parse.cpp">
      <Filter>Source Files</Filter>
    </ClCompile>
    <ClCompile Include="pecoff.cpp">
      <Filter>Source Files</Filter>
    </ClCompile>
    <ClCompile Include="splay.cpp">
      <Filter>Source Files</Filter>
    </ClCompile>
    <ClCompile Include="parser\tracedefs.cpp">
      <Filter>Source Files</Filter>
    </ClCompile>
    <ClCompile Include="tracer.cpp">
      <Filter>Source Files</Filter>
    </ClCompile>
  </ItemGroup>
  <ItemGroup>
    <ClInclude Include="blackmagic.hpp">
      <Filter>Header Files</Filter>
    </ClInclude>
    <ClInclude Include="debugger.hpp">
      <Filter>Header Files</Filter>
    </ClInclude>
    <ClInclude Include="libdisasm\vclibdisasm\libdis.h">
      <Filter>Header Files</Filter>
    </ClInclude>
    <ClInclude Include="log.hpp">
      <Filter>Header Files</Filter>
    </ClInclude>
    <ClInclude Include="pecoff.hpp">
      <Filter>Header Files</Filter>
    </ClInclude>
    <ClInclude Include="process_stalker.hpp">
      <Filter>Header Files</Filter>
    </ClInclude>
    <ClInclude Include="splay.hpp">
      <Filter>Header Files</Filter>
    </ClInclude>
    <ClInclude Include="parser\tracedefs.hpp">
      <Filter>Header Files</Filter>
    </ClInclude>
    <ClInclude Include="tracer.hpp">
      <Filter>Header Files</Filter>
    </ClInclude>
  </ItemGroup>
  <ItemGroup>
    <None Include="parser\string.l" />
    <None Include="parser\string.y" />
  </ItemGroup>
</Project>